{
  "name": "test",
  "lockfileVersion": 3,
  "requires": true,
  "packages": {
    "": {
      "dependencies": {
        "nodemailer": "^8.0.4",
        "smtp-server": "^3.18.3"
      }
    },
    "node_modules/ipv6-normalize": {
      "version": "1.0.1",
      "resolved": "https://registry.npmjs.org/ipv6-normalize/-/ipv6-normalize-1.0.1.tgz",
      "integrity": "sha512-Bm6H79i01DjgGTCWjUuCjJ6QDo1HB96PT/xCYuyJUP9WFbVDrLSbG4EZCvOCun2rNswZb0c3e4Jt/ws795esHA==",
      "license": "MIT"
    },
    "node_modules/nodemailer": {
      "version": "8.0.4",
      "resolved": "https://registry.npmjs.org/nodemailer/-/nodemailer-8.0.4.tgz",
      "integrity": "sha512-k+jf6N8PfQJ0Fe8ZhJlgqU5qJU44Lpvp2yvidH3vp1lPnVQMgi4yEEMPXg5eJS1gFIJTVq1NHBk7Ia9ARdSBdQ==",
      "license": "MIT-0",
      "engines": {
        "node": ">=6.0.0"
      }
    },
    "node_modules/punycode.js": {
      "version": "2.3.1",
      "resolved": "https://registry.npmjs.org/punycode.js/-/punycode.js-2.3.1.tgz",
      "integrity": "sha512-uxFIHU0YlHYhDQtV4R9J6a52SLx28BCjT+4ieh7IGbgwVJWO+km431c4yRlREUAsAmt/uMjQUyQHNEPf0M39CA==",
      "license": "MIT",
      "engines": {
        "node": ">=6"
      }
    },
    "node_modules/smtp-server": {
      "version": "3.18.3",
      "resolved": "https://registry.npmjs.org/smtp-server/-/smtp-server-3.18.3.tgz",
      "integrity": "sha512-bPEqRNHFYcb2s7kPIka3pkF//2V87miqGUy2bMm+CJu3zbRpePMLpF7sUAIUFcZgkUzDB7ivxe6zKgNrxsZ00w==",
      "license": "MIT-0",
      "dependencies": {
        "ipv6-normalize": "1.0.1",
        "nodemailer": "8.0.4",
        "punycode.js": "2.3.1"
      },
      "engines": {
        "node": ">=18.18.0"
      }
    }
  }
}
